// !$*UTF8*$!
{
	archiveVersion = 1;
	classes = {
	};
	objectVersion = 55;
	objects = {

/* Begin PBXGroup section */
		7F6E56482783E6FE00756B02 = {
			isa = PBXGroup;
			children = (
			);
			sourceTree = "<group>";
		};
/* End PBXGroup section */

/* Begin PBXProject section */
		7F6E56492783E6FE00756B02 /* Project object */ = {
			isa = PBXProject;
			attributes = {
				BuildIndependentTargetsInParallel = 1;
				LastUpgradeCheck = 1300;
			};
			buildConfigurationList = 7F6E564C2783E6FE00756B02 /* Build configuration list for PBXProject "OpenCV-Demo" */;
			compatibilityVersion = "Xcode 13.0";
			developmentRegion = en;
			hasScannedForEncodings = 0;
			knownRegions = (
				en,
				Base,
			);
			mainGroup = 7F6E56482783E6FE00756B02;
			projectDirPath = "";
			projectRoot = "";
			targets = (
			);
		};
/* End PBXProject section */

/* Begin XCBuildConfiguration section */
		7F6E564D2783E6FE00756B02 /* Debug */ = {
			isa = XCBuildConfiguration;
			buildSettings = {
			};
			name = Debug;
		};
		7F6E564E2783E6FE00756B02 /* Release */ = {
			isa = XCBuildConfiguration;
			buildSettings = {
			};
			name = Release;
		};
/* End XCBuildConfiguration section */

/* Begin XCConfigurationList section */
		7F6E564C2783E6FE00756B02 /* Build configuration list for PBXProject "OpenCV-Demo" */ = {
			isa = XCConfigurationList;
			buildConfigurations = (
				7F6E564D2783E6FE00756B02 /* Debug */,
				7F6E564E2783E6FE00756B02 /* Release */,
			);
			defaultConfigurationIsVisible = 0;
			defaultConfigurationName = Release;
		};
/* End XCConfigurationList section */
	};
	rootObject = 7F6E56492783E6FE00756B02 /* Project object */;
}
